
Microsoft Visual Studio Solution File, Format Version 12.00
Project("{FAE04EC0-301F-11D3-BF4B-00C04F79EFBC}") = "AdminWebApp", "AdminWebApp\AdminWebApp.csproj", "{9636AB17-ECA4-497B-9209-3F9F6F496D63}"
EndProject
Project("{2150E333-8FDC-42A3-9474-1A3956D46DE8}") = "Solution Items", "Solution Items", "{61F5F175-A773-46BE-919F-0236C41F78C8}"
	ProjectSection(SolutionItems) = preProject
		docker-compose.yml = docker-compose.yml
	EndProjectSection
EndProject
Project("{FAE04EC0-301F-11D3-BF4B-00C04F79EFBC}") = "WebApi", "WebApi\WebApi.csproj", "{83369DA2-7ADE-4F4B-A57C-80FF71C5CC66}"
EndProject
Project("{FAE04EC0-301F-11D3-BF4B-00C04F79EFBC}") = "Users", "Users\Users.csproj", "{E22B7DC3-4874-41D8-A282-3DA2934DF627}"
EndProject
Project("{FAE04EC0-301F-11D3-BF4B-00C04F79EFBC}") = "Infrastructure", "Infrastructure\Infrastructure.csproj", "{3475E966-7026-4FC6-B4D5-CADADB192F4C}"
EndProject
Project("{FAE04EC0-301F-11D3-BF4B-00C04F79EFBC}") = "Shared", "Shared\Shared.csproj", "{182F903C-58C8-4E2E-B729-54F46AE19750}"
EndProject
Project("{FAE04EC0-301F-11D3-BF4B-00C04F79EFBC}") = "Courses", "Courses\Courses.csproj", "{F4C6023E-4519-4486-A2B4-B70B44A7A1F9}"
EndProject
Project("{FAE04EC0-301F-11D3-BF4B-00C04F79EFBC}") = "Faculties", "Faculties\Faculties.csproj", "{F4B0F319-DD36-40D0-9CDD-222789224EC5}"
EndProject
Project("{2150E333-8FDC-42A3-9474-1A3956D46DE8}") = "Domains", "Domains", "{433AA40E-CD40-4B1D-9D43-9D801D7B995E}"
EndProject
Project("{FAE04EC0-301F-11D3-BF4B-00C04F79EFBC}") = "Students", "Students\Students.csproj", "{6319290E-7926-4636-B509-020FF5974A52}"
EndProject
Project("{FAE04EC0-301F-11D3-BF4B-00C04F79EFBC}") = "Admins", "Admins\Admins.csproj", "{CF27D63B-0CE2-4A2E-9B68-CE52213F3C0C}"
EndProject
Project("{FAE04EC0-301F-11D3-BF4B-00C04F79EFBC}") = "Semesters", "Semesters\Semesters.csproj", "{C44F9C2D-AC70-4A0F-9E37-D28DDC541061}"
EndProject
Project("{FAE04EC0-301F-11D3-BF4B-00C04F79EFBC}") = "Departments", "Departments\Departments.csproj", "{76398696-89CB-4F73-893B-E3E0B60BC3B8}"
EndProject
Project("{FAE04EC0-301F-11D3-BF4B-00C04F79EFBC}") = "Professors", "Professors\Professors.csproj", "{6AB31AAA-A54D-4CDA-A134-75907B6AEC81}"
EndProject
Project("{FAE04EC0-301F-11D3-BF4B-00C04F79EFBC}") = "StudyPrograms", "StudyPrograms\StudyPrograms.csproj", "{DFE9010A-115D-4F2A-A604-CD8498E2F909}"
EndProject
Project("{FAE04EC0-301F-11D3-BF4B-00C04F79EFBC}") = "CourseEnrollments", "CourseEnrollments\CourseEnrollments.csproj", "{12FBF338-1934-4D03-B507-38EE8989D9AA}"
EndProject
Project("{FAE04EC0-301F-11D3-BF4B-00C04F79EFBC}") = "StudyProgramCourses", "StudyProgramCourses\StudyProgramCourses.csproj", "{73CBFF2E-8126-4E24-BE90-57B92E689029}"
EndProject
Project("{FAE04EC0-301F-11D3-BF4B-00C04F79EFBC}") = "SemesterCourses", "SemesterCourses\SemesterCourses.csproj", "{39A18649-A729-4557-892B-6E464B00E78F}"
EndProject
Global
	GlobalSection(SolutionConfigurationPlatforms) = preSolution
		Debug|Any CPU = Debug|Any CPU
		Release|Any CPU = Release|Any CPU
	EndGlobalSection
	GlobalSection(ProjectConfigurationPlatforms) = postSolution
		{9636AB17-ECA4-497B-9209-3F9F6F496D63}.Debug|Any CPU.ActiveCfg = Debug|Any CPU
		{9636AB17-ECA4-497B-9209-3F9F6F496D63}.Debug|Any CPU.Build.0 = Debug|Any CPU
		{9636AB17-ECA4-497B-9209-3F9F6F496D63}.Release|Any CPU.ActiveCfg = Release|Any CPU
		{9636AB17-ECA4-497B-9209-3F9F6F496D63}.Release|Any CPU.Build.0 = Release|Any CPU
		{83369DA2-7ADE-4F4B-A57C-80FF71C5CC66}.Debug|Any CPU.ActiveCfg = Debug|Any CPU
		{83369DA2-7ADE-4F4B-A57C-80FF71C5CC66}.Debug|Any CPU.Build.0 = Debug|Any CPU
		{83369DA2-7ADE-4F4B-A57C-80FF71C5CC66}.Release|Any CPU.ActiveCfg = Release|Any CPU
		{83369DA2-7ADE-4F4B-A57C-80FF71C5CC66}.Release|Any CPU.Build.0 = Release|Any CPU
		{E22B7DC3-4874-41D8-A282-3DA2934DF627}.Debug|Any CPU.ActiveCfg = Debug|Any CPU
		{E22B7DC3-4874-41D8-A282-3DA2934DF627}.Debug|Any CPU.Build.0 = Debug|Any CPU
		{E22B7DC3-4874-41D8-A282-3DA2934DF627}.Release|Any CPU.ActiveCfg = Release|Any CPU
		{E22B7DC3-4874-41D8-A282-3DA2934DF627}.Release|Any CPU.Build.0 = Release|Any CPU
		{3475E966-7026-4FC6-B4D5-CADADB192F4C}.Debug|Any CPU.ActiveCfg = Debug|Any CPU
		{3475E966-7026-4FC6-B4D5-CADADB192F4C}.Debug|Any CPU.Build.0 = Debug|Any CPU
		{3475E966-7026-4FC6-B4D5-CADADB192F4C}.Release|Any CPU.ActiveCfg = Release|Any CPU
		{3475E966-7026-4FC6-B4D5-CADADB192F4C}.Release|Any CPU.Build.0 = Release|Any CPU
		{182F903C-58C8-4E2E-B729-54F46AE19750}.Debug|Any CPU.ActiveCfg = Debug|Any CPU
		{182F903C-58C8-4E2E-B729-54F46AE19750}.Debug|Any CPU.Build.0 = Debug|Any CPU
		{182F903C-58C8-4E2E-B729-54F46AE19750}.Release|Any CPU.ActiveCfg = Release|Any CPU
		{182F903C-58C8-4E2E-B729-54F46AE19750}.Release|Any CPU.Build.0 = Release|Any CPU
		{F4C6023E-4519-4486-A2B4-B70B44A7A1F9}.Debug|Any CPU.ActiveCfg = Debug|Any CPU
		{F4C6023E-4519-4486-A2B4-B70B44A7A1F9}.Debug|Any CPU.Build.0 = Debug|Any CPU
		{F4C6023E-4519-4486-A2B4-B70B44A7A1F9}.Release|Any CPU.ActiveCfg = Release|Any CPU
		{F4C6023E-4519-4486-A2B4-B70B44A7A1F9}.Release|Any CPU.Build.0 = Release|Any CPU
		{F4B0F319-DD36-40D0-9CDD-222789224EC5}.Debug|Any CPU.ActiveCfg = Debug|Any CPU
		{F4B0F319-DD36-40D0-9CDD-222789224EC5}.Debug|Any CPU.Build.0 = Debug|Any CPU
		{F4B0F319-DD36-40D0-9CDD-222789224EC5}.Release|Any CPU.ActiveCfg = Release|Any CPU
		{F4B0F319-DD36-40D0-9CDD-222789224EC5}.Release|Any CPU.Build.0 = Release|Any CPU
		{6319290E-7926-4636-B509-020FF5974A52}.Debug|Any CPU.ActiveCfg = Debug|Any CPU
		{6319290E-7926-4636-B509-020FF5974A52}.Debug|Any CPU.Build.0 = Debug|Any CPU
		{6319290E-7926-4636-B509-020FF5974A52}.Release|Any CPU.ActiveCfg = Release|Any CPU
		{6319290E-7926-4636-B509-020FF5974A52}.Release|Any CPU.Build.0 = Release|Any CPU
		{CF27D63B-0CE2-4A2E-9B68-CE52213F3C0C}.Debug|Any CPU.ActiveCfg = Debug|Any CPU
		{CF27D63B-0CE2-4A2E-9B68-CE52213F3C0C}.Debug|Any CPU.Build.0 = Debug|Any CPU
		{CF27D63B-0CE2-4A2E-9B68-CE52213F3C0C}.Release|Any CPU.ActiveCfg = Release|Any CPU
		{CF27D63B-0CE2-4A2E-9B68-CE52213F3C0C}.Release|Any CPU.Build.0 = Release|Any CPU
		{C44F9C2D-AC70-4A0F-9E37-D28DDC541061}.Debug|Any CPU.ActiveCfg = Debug|Any CPU
		{C44F9C2D-AC70-4A0F-9E37-D28DDC541061}.Debug|Any CPU.Build.0 = Debug|Any CPU
		{C44F9C2D-AC70-4A0F-9E37-D28DDC541061}.Release|Any CPU.ActiveCfg = Release|Any CPU
		{C44F9C2D-AC70-4A0F-9E37-D28DDC541061}.Release|Any CPU.Build.0 = Release|Any CPU
		{76398696-89CB-4F73-893B-E3E0B60BC3B8}.Debug|Any CPU.ActiveCfg = Debug|Any CPU
		{76398696-89CB-4F73-893B-E3E0B60BC3B8}.Debug|Any CPU.Build.0 = Debug|Any CPU
		{76398696-89CB-4F73-893B-E3E0B60BC3B8}.Release|Any CPU.ActiveCfg = Release|Any CPU
		{76398696-89CB-4F73-893B-E3E0B60BC3B8}.Release|Any CPU.Build.0 = Release|Any CPU
		{6AB31AAA-A54D-4CDA-A134-75907B6AEC81}.Debug|Any CPU.ActiveCfg = Debug|Any CPU
		{6AB31AAA-A54D-4CDA-A134-75907B6AEC81}.Debug|Any CPU.Build.0 = Debug|Any CPU
		{6AB31AAA-A54D-4CDA-A134-75907B6AEC81}.Release|Any CPU.ActiveCfg = Release|Any CPU
		{6AB31AAA-A54D-4CDA-A134-75907B6AEC81}.Release|Any CPU.Build.0 = Release|Any CPU
		{DFE9010A-115D-4F2A-A604-CD8498E2F909}.Debug|Any CPU.ActiveCfg = Debug|Any CPU
		{DFE9010A-115D-4F2A-A604-CD8498E2F909}.Debug|Any CPU.Build.0 = Debug|Any CPU
		{DFE9010A-115D-4F2A-A604-CD8498E2F909}.Release|Any CPU.ActiveCfg = Release|Any CPU
		{DFE9010A-115D-4F2A-A604-CD8498E2F909}.Release|Any CPU.Build.0 = Release|Any CPU
		{12FBF338-1934-4D03-B507-38EE8989D9AA}.Debug|Any CPU.ActiveCfg = Debug|Any CPU
		{12FBF338-1934-4D03-B507-38EE8989D9AA}.Debug|Any CPU.Build.0 = Debug|Any CPU
		{12FBF338-1934-4D03-B507-38EE8989D9AA}.Release|Any CPU.ActiveCfg = Release|Any CPU
		{12FBF338-1934-4D03-B507-38EE8989D9AA}.Release|Any CPU.Build.0 = Release|Any CPU
		{73CBFF2E-8126-4E24-BE90-57B92E689029}.Debug|Any CPU.ActiveCfg = Debug|Any CPU
		{73CBFF2E-8126-4E24-BE90-57B92E689029}.Debug|Any CPU.Build.0 = Debug|Any CPU
		{73CBFF2E-8126-4E24-BE90-57B92E689029}.Release|Any CPU.ActiveCfg = Release|Any CPU
		{73CBFF2E-8126-4E24-BE90-57B92E689029}.Release|Any CPU.Build.0 = Release|Any CPU
		{39A18649-A729-4557-892B-6E464B00E78F}.Debug|Any CPU.ActiveCfg = Debug|Any CPU
		{39A18649-A729-4557-892B-6E464B00E78F}.Debug|Any CPU.Build.0 = Debug|Any CPU
		{39A18649-A729-4557-892B-6E464B00E78F}.Release|Any CPU.ActiveCfg = Release|Any CPU
		{39A18649-A729-4557-892B-6E464B00E78F}.Release|Any CPU.Build.0 = Release|Any CPU
	EndGlobalSection
	GlobalSection(NestedProjects) = preSolution
		{E22B7DC3-4874-41D8-A282-3DA2934DF627} = {433AA40E-CD40-4B1D-9D43-9D801D7B995E}
		{F4B0F319-DD36-40D0-9CDD-222789224EC5} = {433AA40E-CD40-4B1D-9D43-9D801D7B995E}
		{F4C6023E-4519-4486-A2B4-B70B44A7A1F9} = {433AA40E-CD40-4B1D-9D43-9D801D7B995E}
		{6319290E-7926-4636-B509-020FF5974A52} = {433AA40E-CD40-4B1D-9D43-9D801D7B995E}
		{CF27D63B-0CE2-4A2E-9B68-CE52213F3C0C} = {433AA40E-CD40-4B1D-9D43-9D801D7B995E}
		{C44F9C2D-AC70-4A0F-9E37-D28DDC541061} = {433AA40E-CD40-4B1D-9D43-9D801D7B995E}
		{76398696-89CB-4F73-893B-E3E0B60BC3B8} = {433AA40E-CD40-4B1D-9D43-9D801D7B995E}
		{6AB31AAA-A54D-4CDA-A134-75907B6AEC81} = {433AA40E-CD40-4B1D-9D43-9D801D7B995E}
		{DFE9010A-115D-4F2A-A604-CD8498E2F909} = {433AA40E-CD40-4B1D-9D43-9D801D7B995E}
		{12FBF338-1934-4D03-B507-38EE8989D9AA} = {433AA40E-CD40-4B1D-9D43-9D801D7B995E}
		{73CBFF2E-8126-4E24-BE90-57B92E689029} = {433AA40E-CD40-4B1D-9D43-9D801D7B995E}
		{39A18649-A729-4557-892B-6E464B00E78F} = {433AA40E-CD40-4B1D-9D43-9D801D7B995E}
	EndGlobalSection
EndGlobal
